
Microsoft Visual Studio Solution File, Format Version 12.00
# Visual Studio Version 17
VisualStudioVersion = 17.8.34330.188
MinimumVisualStudioVersion = 10.0.40219.1
Project("{FAE04EC0-301F-11D3-BF4B-00C04F79EFBC}") = "Course_Website", "Course_Website\Course_Website.csproj", "{CD6EA33A-57C5-4ECA-86EE-398DDD3BD908}"
EndProject
Global
	GlobalSection(SolutionConfigurationPlatforms) = preSolution
		Debug|Any CPU = Debug|Any CPU
		Release|Any CPU = Release|Any CPU
	EndGlobalSection
	GlobalSection(ProjectConfigurationPlatforms) = postSolution
		{CD6EA33A-57C5-4ECA-86EE-398DDD3BD908}.Debug|Any CPU.ActiveCfg = Debug|Any CPU
		{CD6EA33A-57C5-4ECA-86EE-398DDD3BD908}.Debug|Any CPU.Build.0 = Debug|Any CPU
		{CD6EA33A-57C5-4ECA-86EE-398DDD3BD908}.Release|Any CPU.ActiveCfg = Release|Any CPU
		{CD6EA33A-57C5-4ECA-86EE-398DDD3BD908}.Release|Any CPU.Build.0 = Release|Any CPU
	EndGlobalSection
	GlobalSection(SolutionProperties) = preSolution
		HideSolutionNode = FALSE
	EndGlobalSection
	GlobalSection(ExtensibilityGlobals) = postSolution
		SolutionGuid = {4157E11A-75DE-4E4F-B1C3-9FDC44E9FD86}
	EndGlobalSection
EndGlobal
